
Microsoft Visual Studio Solution File, Format Version 12.00
# Visual Studio 15
VisualStudioVersion = 15.0.26430.16
MinimumVisualStudioVersion = 10.0.40219.1
Project("{FAE04EC0-301F-11D3-BF4B-00C04F79EFBC}") = "mdctr_metro", "mdctr_metro\mdctr_metro.csproj", "{AAF49EC6-B9B2-4F3E-8A5E-558B415588BD}"
EndProject
Global
	GlobalSection(SolutionConfigurationPlatforms) = preSolution
		Debug|Any CPU = Debug|Any CPU
		Release|Any CPU = Release|Any CPU
	EndGlobalSection
	GlobalSection(ProjectConfigurationPlatforms) = postSolution
		{AAF49EC6-B9B2-4F3E-8A5E-558B415588BD}.Debug|Any CPU.ActiveCfg = Debug|Any CPU
		{AAF49EC6-B9B2-4F3E-8A5E-558B415588BD}.Debug|Any CPU.Build.0 = Debug|Any CPU
		{AAF49EC6-B9B2-4F3E-8A5E-558B415588BD}.Release|Any CPU.ActiveCfg = Release|Any CPU
		{AAF49EC6-B9B2-4F3E-8A5E-558B415588BD}.Release|Any CPU.Build.0 = Release|Any CPU
	EndGlobalSection
	GlobalSection(SolutionProperties) = preSolution
		HideSolutionNode = FALSE
	EndGlobalSection
EndGlobal
